
Microsoft Visual Studio Solution File, Format Version 12.00
# Visual Studio Version 17
VisualStudioVersion = 17.9.34607.119
MinimumVisualStudioVersion = 10.0.40219.1
Project("{9A19103F-16F7-4668-BE54-9A1E7A4F7556}") = "PersonalGymBookApi", "PersonalGymBookApi.csproj", "{864CAA19-6046-40C8-B589-FD9233C4A763}"
EndProject
Global
	GlobalSection(SolutionConfigurationPlatforms) = preSolution
		Debug|Any CPU = Debug|Any CPU
		Release|Any CPU = Release|Any CPU
	EndGlobalSection
	GlobalSection(ProjectConfigurationPlatforms) = postSolution
		{864CAA19-6046-40C8-B589-FD9233C4A763}.Debug|Any CPU.ActiveCfg = Debug|Any CPU
		{864CAA19-6046-40C8-B589-FD9233C4A763}.Debug|Any CPU.Build.0 = Debug|Any CPU
		{864CAA19-6046-40C8-B589-FD9233C4A763}.Release|Any CPU.ActiveCfg = Release|Any CPU
		{864CAA19-6046-40C8-B589-FD9233C4A763}.Release|Any CPU.Build.0 = Release|Any CPU
	EndGlobalSection
	GlobalSection(SolutionProperties) = preSolution
		HideSolutionNode = FALSE
	EndGlobalSection
	GlobalSection(ExtensibilityGlobals) = postSolution
		SolutionGuid = {9BD73787-503D-4988-8FFA-0D10FB2FD0B4}
	EndGlobalSection
EndGlobal
